
Microsoft Visual Studio Solution File, Format Version 12.00
# Visual Studio 2013
VisualStudioVersion = 12.0.21005.1
MinimumVisualStudioVersion = 10.0.40219.1
Project("{FAE04EC0-301F-11D3-BF4B-00C04F79EFBC}") = "ClientGUI", "Client\ClientGUI\ClientGUI.csproj", "{7E783BFA-DA38-4892-9CA3-62326DE3637F}"
EndProject
Project("{2150E333-8FDC-42A3-9474-1A3956D46DE8}") = "Client", "Client", "{0587C9B4-7BB4-41B9-B378-FD0C74A508D6}"
EndProject
Project("{2150E333-8FDC-42A3-9474-1A3956D46DE8}") = "Server", "Server", "{99A6CD47-B810-4221-8F18-7A7B93C94810}"
EndProject
Project("{2150E333-8FDC-42A3-9474-1A3956D46DE8}") = "Game", "Game", "{18122C34-6FA2-47FD-AB72-1015FB2D5ED0}"
EndProject
Project("{2150E333-8FDC-42A3-9474-1A3956D46DE8}") = "Chess", "Chess", "{9D0BDECA-31B9-4107-B32E-A3A0A004B44C}"
EndProject
Project("{2150E333-8FDC-42A3-9474-1A3956D46DE8}") = "Quatro", "Quatro", "{A93ACE7B-122C-472F-8E8F-DBBE9037A022}"
EndProject
Project("{FAE04EC0-301F-11D3-BF4B-00C04F79EFBC}") = "Client", "Client\Client\Client.csproj", "{3645D980-BE1E-4851-B1AD-17F8909D111C}"
EndProject
Project("{FAE04EC0-301F-11D3-BF4B-00C04F79EFBC}") = "AlfaBeta", "Client\AlfaBeta\AlfaBeta.csproj", "{24267A3B-C589-43A2-AE3F-4476F0A02373}"
EndProject
Project("{FAE04EC0-301F-11D3-BF4B-00C04F79EFBC}") = "MinMax", "Client\MinMax\MinMax.csproj", "{D4CF5E94-F40E-4E9C-A269-DB3DA83294E1}"
EndProject
Project("{FAE04EC0-301F-11D3-BF4B-00C04F79EFBC}") = "GameTypeManager", "Client\GameTypeManager\GameTypeManager.csproj", "{B0B69D4C-4E11-420A-9F61-A664BA5705BB}"
EndProject
Project("{FAE04EC0-301F-11D3-BF4B-00C04F79EFBC}") = "GameBase", "Game\GameBase\GameBase.csproj", "{FAEF5AD0-CADB-4419-A733-7DC39ED40D2A}"
EndProject
Project("{FAE04EC0-301F-11D3-BF4B-00C04F79EFBC}") = "Game", "Game\Chess\Game\Game.csproj", "{B1621383-4B85-4FE0-B737-A4D295916748}"
EndProject
Project("{FAE04EC0-301F-11D3-BF4B-00C04F79EFBC}") = "GameGUI", "Game\Chess\GameGUI\GameGUI.csproj", "{E2795FAA-E49C-45D1-B19B-AC5625A0BF1D}"
EndProject
Project("{FAE04EC0-301F-11D3-BF4B-00C04F79EFBC}") = "Game", "Game\Quatro\Game\Game.csproj", "{01F3CA3F-D432-465A-BF18-A0EAFAB97B80}"
EndProject
Project("{FAE04EC0-301F-11D3-BF4B-00C04F79EFBC}") = "GameGUI", "Game\Quatro\GameGUI\GameGUI.csproj", "{762AD1BC-E710-4F41-A4D0-D924143780EC}"
EndProject
Project("{FAE04EC0-301F-11D3-BF4B-00C04F79EFBC}") = "Server", "Server\ServerApplication\Server.csproj", "{3C4BDA50-3EA0-4EDB-B145-9F995721F50A}"
EndProject
Project("{FAE04EC0-301F-11D3-BF4B-00C04F79EFBC}") = "Connector", "Server\Connector\Connector.csproj", "{BED5D87B-8CAC-41BC-9B44-5788B839EC6C}"
EndProject
Project("{FAE04EC0-301F-11D3-BF4B-00C04F79EFBC}") = "AIAlgorithmBase", "Client\AIAlgorithmBase\AIAlgorithmBase.csproj", "{27A307CF-D22F-4097-91F2-EE541604000F}"
EndProject
Project("{2150E333-8FDC-42A3-9474-1A3956D46DE8}") = "Solution Items", "Solution Items", "{BF552766-7EF1-47A2-92A1-89B03B0BB67B}"
	ProjectSection(SolutionItems) = preProject
		Bitmap1.bmp = Bitmap1.bmp
	EndProjectSection
EndProject
Global
	GlobalSection(SolutionConfigurationPlatforms) = preSolution
		Debug|Any CPU = Debug|Any CPU
		Release|Any CPU = Release|Any CPU
	EndGlobalSection
	GlobalSection(ProjectConfigurationPlatforms) = postSolution
		{7E783BFA-DA38-4892-9CA3-62326DE3637F}.Debug|Any CPU.ActiveCfg = Debug|Any CPU
		{7E783BFA-DA38-4892-9CA3-62326DE3637F}.Debug|Any CPU.Build.0 = Debug|Any CPU
		{7E783BFA-DA38-4892-9CA3-62326DE3637F}.Release|Any CPU.ActiveCfg = Release|Any CPU
		{7E783BFA-DA38-4892-9CA3-62326DE3637F}.Release|Any CPU.Build.0 = Release|Any CPU
		{3645D980-BE1E-4851-B1AD-17F8909D111C}.Debug|Any CPU.ActiveCfg = Debug|Any CPU
		{3645D980-BE1E-4851-B1AD-17F8909D111C}.Debug|Any CPU.Build.0 = Debug|Any CPU
		{3645D980-BE1E-4851-B1AD-17F8909D111C}.Release|Any CPU.ActiveCfg = Release|Any CPU
		{3645D980-BE1E-4851-B1AD-17F8909D111C}.Release|Any CPU.Build.0 = Release|Any CPU
		{24267A3B-C589-43A2-AE3F-4476F0A02373}.Debug|Any CPU.ActiveCfg = Debug|Any CPU
		{24267A3B-C589-43A2-AE3F-4476F0A02373}.Debug|Any CPU.Build.0 = Debug|Any CPU
		{24267A3B-C589-43A2-AE3F-4476F0A02373}.Release|Any CPU.ActiveCfg = Release|Any CPU
		{24267A3B-C589-43A2-AE3F-4476F0A02373}.Release|Any CPU.Build.0 = Release|Any CPU
		{D4CF5E94-F40E-4E9C-A269-DB3DA83294E1}.Debug|Any CPU.ActiveCfg = Debug|Any CPU
		{D4CF5E94-F40E-4E9C-A269-DB3DA83294E1}.Debug|Any CPU.Build.0 = Debug|Any CPU
		{D4CF5E94-F40E-4E9C-A269-DB3DA83294E1}.Release|Any CPU.ActiveCfg = Release|Any CPU
		{D4CF5E94-F40E-4E9C-A269-DB3DA83294E1}.Release|Any CPU.Build.0 = Release|Any CPU
		{B0B69D4C-4E11-420A-9F61-A664BA5705BB}.Debug|Any CPU.ActiveCfg = Debug|Any CPU
		{B0B69D4C-4E11-420A-9F61-A664BA5705BB}.Debug|Any CPU.Build.0 = Debug|Any CPU
		{B0B69D4C-4E11-420A-9F61-A664BA5705BB}.Release|Any CPU.ActiveCfg = Release|Any CPU
		{B0B69D4C-4E11-420A-9F61-A664BA5705BB}.Release|Any CPU.Build.0 = Release|Any CPU
		{FAEF5AD0-CADB-4419-A733-7DC39ED40D2A}.Debug|Any CPU.ActiveCfg = Debug|Any CPU
		{FAEF5AD0-CADB-4419-A733-7DC39ED40D2A}.Debug|Any CPU.Build.0 = Debug|Any CPU
		{FAEF5AD0-CADB-4419-A733-7DC39ED40D2A}.Release|Any CPU.ActiveCfg = Release|Any CPU
		{FAEF5AD0-CADB-4419-A733-7DC39ED40D2A}.Release|Any CPU.Build.0 = Release|Any CPU
		{B1621383-4B85-4FE0-B737-A4D295916748}.Debug|Any CPU.ActiveCfg = Debug|Any CPU
		{B1621383-4B85-4FE0-B737-A4D295916748}.Debug|Any CPU.Build.0 = Debug|Any CPU
		{B1621383-4B85-4FE0-B737-A4D295916748}.Release|Any CPU.ActiveCfg = Release|Any CPU
		{B1621383-4B85-4FE0-B737-A4D295916748}.Release|Any CPU.Build.0 = Release|Any CPU
		{E2795FAA-E49C-45D1-B19B-AC5625A0BF1D}.Debug|Any CPU.ActiveCfg = Debug|Any CPU
		{E2795FAA-E49C-45D1-B19B-AC5625A0BF1D}.Debug|Any CPU.Build.0 = Debug|Any CPU
		{E2795FAA-E49C-45D1-B19B-AC5625A0BF1D}.Release|Any CPU.ActiveCfg = Release|Any CPU
		{E2795FAA-E49C-45D1-B19B-AC5625A0BF1D}.Release|Any CPU.Build.0 = Release|Any CPU
		{01F3CA3F-D432-465A-BF18-A0EAFAB97B80}.Debug|Any CPU.ActiveCfg = Debug|Any CPU
		{01F3CA3F-D432-465A-BF18-A0EAFAB97B80}.Debug|Any CPU.Build.0 = Debug|Any CPU
		{01F3CA3F-D432-465A-BF18-A0EAFAB97B80}.Release|Any CPU.ActiveCfg = Release|Any CPU
		{01F3CA3F-D432-465A-BF18-A0EAFAB97B80}.Release|Any CPU.Build.0 = Release|Any CPU
		{762AD1BC-E710-4F41-A4D0-D924143780EC}.Debug|Any CPU.ActiveCfg = Debug|Any CPU
		{762AD1BC-E710-4F41-A4D0-D924143780EC}.Debug|Any CPU.Build.0 = Debug|Any CPU
		{762AD1BC-E710-4F41-A4D0-D924143780EC}.Release|Any CPU.ActiveCfg = Release|Any CPU
		{762AD1BC-E710-4F41-A4D0-D924143780EC}.Release|Any CPU.Build.0 = Release|Any CPU
		{3C4BDA50-3EA0-4EDB-B145-9F995721F50A}.Debug|Any CPU.ActiveCfg = Debug|Any CPU
		{3C4BDA50-3EA0-4EDB-B145-9F995721F50A}.Debug|Any CPU.Build.0 = Debug|Any CPU
		{3C4BDA50-3EA0-4EDB-B145-9F995721F50A}.Release|Any CPU.ActiveCfg = Release|Any CPU
		{3C4BDA50-3EA0-4EDB-B145-9F995721F50A}.Release|Any CPU.Build.0 = Release|Any CPU
		{BED5D87B-8CAC-41BC-9B44-5788B839EC6C}.Debug|Any CPU.ActiveCfg = Debug|Any CPU
		{BED5D87B-8CAC-41BC-9B44-5788B839EC6C}.Debug|Any CPU.Build.0 = Debug|Any CPU
		{BED5D87B-8CAC-41BC-9B44-5788B839EC6C}.Release|Any CPU.ActiveCfg = Release|Any CPU
		{BED5D87B-8CAC-41BC-9B44-5788B839EC6C}.Release|Any CPU.Build.0 = Release|Any CPU
		{27A307CF-D22F-4097-91F2-EE541604000F}.Debug|Any CPU.ActiveCfg = Debug|Any CPU
		{27A307CF-D22F-4097-91F2-EE541604000F}.Debug|Any CPU.Build.0 = Debug|Any CPU
		{27A307CF-D22F-4097-91F2-EE541604000F}.Release|Any CPU.ActiveCfg = Release|Any CPU
		{27A307CF-D22F-4097-91F2-EE541604000F}.Release|Any CPU.Build.0 = Release|Any CPU
	EndGlobalSection
	GlobalSection(SolutionProperties) = preSolution
		HideSolutionNode = FALSE
	EndGlobalSection
	GlobalSection(NestedProjects) = preSolution
		{7E783BFA-DA38-4892-9CA3-62326DE3637F} = {0587C9B4-7BB4-41B9-B378-FD0C74A508D6}
		{3645D980-BE1E-4851-B1AD-17F8909D111C} = {0587C9B4-7BB4-41B9-B378-FD0C74A508D6}
		{24267A3B-C589-43A2-AE3F-4476F0A02373} = {0587C9B4-7BB4-41B9-B378-FD0C74A508D6}
		{D4CF5E94-F40E-4E9C-A269-DB3DA83294E1} = {0587C9B4-7BB4-41B9-B378-FD0C74A508D6}
		{B0B69D4C-4E11-420A-9F61-A664BA5705BB} = {0587C9B4-7BB4-41B9-B378-FD0C74A508D6}
		{27A307CF-D22F-4097-91F2-EE541604000F} = {0587C9B4-7BB4-41B9-B378-FD0C74A508D6}
		{3C4BDA50-3EA0-4EDB-B145-9F995721F50A} = {99A6CD47-B810-4221-8F18-7A7B93C94810}
		{BED5D87B-8CAC-41BC-9B44-5788B839EC6C} = {99A6CD47-B810-4221-8F18-7A7B93C94810}
		{9D0BDECA-31B9-4107-B32E-A3A0A004B44C} = {18122C34-6FA2-47FD-AB72-1015FB2D5ED0}
		{A93ACE7B-122C-472F-8E8F-DBBE9037A022} = {18122C34-6FA2-47FD-AB72-1015FB2D5ED0}
		{FAEF5AD0-CADB-4419-A733-7DC39ED40D2A} = {18122C34-6FA2-47FD-AB72-1015FB2D5ED0}
		{B1621383-4B85-4FE0-B737-A4D295916748} = {9D0BDECA-31B9-4107-B32E-A3A0A004B44C}
		{E2795FAA-E49C-45D1-B19B-AC5625A0BF1D} = {9D0BDECA-31B9-4107-B32E-A3A0A004B44C}
		{01F3CA3F-D432-465A-BF18-A0EAFAB97B80} = {A93ACE7B-122C-472F-8E8F-DBBE9037A022}
		{762AD1BC-E710-4F41-A4D0-D924143780EC} = {A93ACE7B-122C-472F-8E8F-DBBE9037A022}
	EndGlobalSection
EndGlobal
